
Microsoft Visual Studio Solution File, Format Version 12.00
# Visual Studio Version 16
VisualStudioVersion = 16.0.29102.190
MinimumVisualStudioVersion = 10.0.40219.1
Project("{FAE04EC0-301F-11D3-BF4B-00C04F79EFBC}") = "Calculator", "Calculator\Calculator.csproj", "{376908F5-124A-472D-BD43-17576B40D22D}"
EndProject
Global
	GlobalSection(SolutionConfigurationPlatforms) = preSolution
		Debug|Any CPU = Debug|Any CPU
		Release|Any CPU = Release|Any CPU
	EndGlobalSection
	GlobalSection(ProjectConfigurationPlatforms) = postSolution
		{376908F5-124A-472D-BD43-17576B40D22D}.Debug|Any CPU.ActiveCfg = Debug|Any CPU
		{376908F5-124A-472D-BD43-17576B40D22D}.Debug|Any CPU.Build.0 = Debug|Any CPU
		{376908F5-124A-472D-BD43-17576B40D22D}.Release|Any CPU.ActiveCfg = Release|Any CPU
		{376908F5-124A-472D-BD43-17576B40D22D}.Release|Any CPU.Build.0 = Release|Any CPU
	EndGlobalSection
	GlobalSection(SolutionProperties) = preSolution
		HideSolutionNode = FALSE
	EndGlobalSection
	GlobalSection(ExtensibilityGlobals) = postSolution
		SolutionGuid = {DC5409AE-4B02-4A08-A5F6-4532EAC3CD30}
	EndGlobalSection
EndGlobal
